Microsoft Visual Studio Solution File, Format Version 12.00
# Visual Studio Version 17
VisualStudioVersion = 17.5.2.0
MinimumVisualStudioVersion = 10.0.40219.1
Project("{FAE04EC0-301F-11D3-BF4B-00C04F79EFBC}") = "storygenly", "storygenly\storygenly.csproj", "{71642842-9FEA-BB14-85F4-0EE953B99D67}"
EndProject
Global
	GlobalSection(SolutionConfigurationPlatforms) = preSolution
		Debug|Any CPU = Debug|Any CPU
		Release|Any CPU = Release|Any CPU
	EndGlobalSection
	GlobalSection(ProjectConfigurationPlatforms) = postSolution
		{71642842-9FEA-BB14-85F4-0EE953B99D67}.Debug|Any CPU.ActiveCfg = Debug|Any CPU
		{71642842-9FEA-BB14-85F4-0EE953B99D67}.Debug|Any CPU.Build.0 = Debug|Any CPU
		{71642842-9FEA-BB14-85F4-0EE953B99D67}.Release|Any CPU.ActiveCfg = Release|Any CPU
		{71642842-9FEA-BB14-85F4-0EE953B99D67}.Release|Any CPU.Build.0 = Release|Any CPU
	EndGlobalSection
	GlobalSection(SolutionProperties) = preSolution
		HideSolutionNode = FALSE
	EndGlobalSection
	GlobalSection(ExtensibilityGlobals) = postSolution
		SolutionGuid = {11CDB80C-D62A-4F4F-AA04-7106CA415222}
	EndGlobalSection
EndGlobal
